
Microsoft Visual Studio Solution File, Format Version 12.00
# Visual Studio Version 17
VisualStudioVersion = 17.1.32421.90
MinimumVisualStudioVersion = 10.0.40219.1
Project("{FAE04EC0-301F-11D3-BF4B-00C04F79EFBC}") = "MagicVilla_VillaAPI", "MagicVilla_VillaAPI\MagicVilla_VillaAPI.csproj", "{0A64D0D2-2EFD-4D1A-8F8C-A62E7013BC64}"
EndProject
Global
	GlobalSection(SolutionConfigurationPlatforms) = preSolution
		Debug|Any CPU = Debug|Any CPU
		Release|Any CPU = Release|Any CPU
	EndGlobalSection
	GlobalSection(ProjectConfigurationPlatforms) = postSolution
		{0A64D0D2-2EFD-4D1A-8F8C-A62E7013BC64}.Debug|Any CPU.ActiveCfg = Debug|Any CPU
		{0A64D0D2-2EFD-4D1A-8F8C-A62E7013BC64}.Debug|Any CPU.Build.0 = Debug|Any CPU
		{0A64D0D2-2EFD-4D1A-8F8C-A62E7013BC64}.Release|Any CPU.ActiveCfg = Release|Any CPU
		{0A64D0D2-2EFD-4D1A-8F8C-A62E7013BC64}.Release|Any CPU.Build.0 = Release|Any CPU
	EndGlobalSection
	GlobalSection(SolutionProperties) = preSolution
		HideSolutionNode = FALSE
	EndGlobalSection
	GlobalSection(ExtensibilityGlobals) = postSolution
		SolutionGuid = {7FE27715-B73E-4A28-A471-EBD2BD0CAD8C}
	EndGlobalSection
EndGlobal
